
Microsoft Visual Studio Solution File, Format Version 12.00
# Visual Studio Version 16
VisualStudioVersion = 16.0.31410.357
MinimumVisualStudioVersion = 10.0.40219.1
Project("{9A19103F-16F7-4668-BE54-9A1E7A4F7556}") = "TLSHelloCore", "TLSHelloCore.csproj", "{F4F6C953-457D-42C2-8692-A7321AE98343}"
EndProject
Global
	GlobalSection(SolutionConfigurationPlatforms) = preSolution
		Debug|Any CPU = Debug|Any CPU
		Release|Any CPU = Release|Any CPU
	EndGlobalSection
	GlobalSection(ProjectConfigurationPlatforms) = postSolution
		{F4F6C953-457D-42C2-8692-A7321AE98343}.Debug|Any CPU.ActiveCfg = Debug|Any CPU
		{F4F6C953-457D-42C2-8692-A7321AE98343}.Debug|Any CPU.Build.0 = Debug|Any CPU
		{F4F6C953-457D-42C2-8692-A7321AE98343}.Release|Any CPU.ActiveCfg = Release|Any CPU
		{F4F6C953-457D-42C2-8692-A7321AE98343}.Release|Any CPU.Build.0 = Release|Any CPU
	EndGlobalSection
	GlobalSection(SolutionProperties) = preSolution
		HideSolutionNode = FALSE
	EndGlobalSection
	GlobalSection(ExtensibilityGlobals) = postSolution
		SolutionGuid = {7FD59706-78A7-4D96-A73B-902EF1BDB247}
	EndGlobalSection
EndGlobal
