
Microsoft Visual Studio Solution File, Format Version 12.00
# Visual Studio Version 16
VisualStudioVersion = 16.0.30517.126
MinimumVisualStudioVersion = 10.0.40219.1
Project("{FAE04EC0-301F-11D3-BF4B-00C04F79EFBC}") = "Sox2", "Sox2.csproj", "{2363A9D3-4566-4FF3-88B1-E7589ED2C217}"
EndProject
Global
	GlobalSection(SolutionConfigurationPlatforms) = preSolution
		Debug|Any CPU = Debug|Any CPU
		Release|Any CPU = Release|Any CPU
	EndGlobalSection
	GlobalSection(ProjectConfigurationPlatforms) = postSolution
		{2363A9D3-4566-4FF3-88B1-E7589ED2C217}.Debug|Any CPU.ActiveCfg = Debug|Any CPU
		{2363A9D3-4566-4FF3-88B1-E7589ED2C217}.Debug|Any CPU.Build.0 = Debug|Any CPU
		{2363A9D3-4566-4FF3-88B1-E7589ED2C217}.Release|Any CPU.ActiveCfg = Release|Any CPU
		{2363A9D3-4566-4FF3-88B1-E7589ED2C217}.Release|Any CPU.Build.0 = Release|Any CPU
	EndGlobalSection
	GlobalSection(SolutionProperties) = preSolution
		HideSolutionNode = FALSE
	EndGlobalSection
	GlobalSection(ExtensibilityGlobals) = postSolution
		SolutionGuid = {2041E225-05B3-4BD3-AC38-2558CEAD6BDE}
	EndGlobalSection
EndGlobal
